
Microsoft Visual Studio Solution File, Format Version 12.00
# Visual Studio Version 17
VisualStudioVersion = 17.10.34928.147
MinimumVisualStudioVersion = 10.0.40219.1
Project("{9A19103F-16F7-4668-BE54-9A1E7A4F7556}") = "DrVideoLibrary.Razor", "src\DrVideoLibrary.Razor\DrVideoLibrary.Razor.csproj", "{CDB815FA-A299-4994-8854-38B93B7E1A7C}"
EndProject
Project("{2150E333-8FDC-42A3-9474-1A3956D46DE8}") = "Interfaces", "Interfaces", "{8A324746-93A9-46A4-8453-B1CE75E6CC75}"
EndProject
Project("{9A19103F-16F7-4668-BE54-9A1E7A4F7556}") = "DrVideoLibrary.Client", "src\DrVideoLibrary.Client\DrVideoLibrary.Client.csproj", "{6BADA424-9167-40AC-B43D-4F947907E566}"
EndProject
Project("{2150E333-8FDC-42A3-9474-1A3956D46DE8}") = "Frameworks", "Frameworks", "{386A61EF-66B4-4039-B230-2458F854ECC5}"
EndProject
Project("{2150E333-8FDC-42A3-9474-1A3956D46DE8}") = "Application", "Application", "{C3A992B3-388E-46A2-9E94-053C1D78E0FF}"
EndProject
Project("{9A19103F-16F7-4668-BE54-9A1E7A4F7556}") = "DrVideoLibrary.Entities", "src\DrVideoLibrary.Entities\DrVideoLibrary.Entities.csproj", "{148EFEBA-DBF2-4020-9BC9-3561A320C91B}"
EndProject
Project("{9A19103F-16F7-4668-BE54-9A1E7A4F7556}") = "DrVideoLibrary.Backend.ApplicationBusinessRules", "src\DrVideoLibrary.Backend.ApplicationBusinessRules\DrVideoLibrary.Backend.ApplicationBusinessRules.csproj", "{5368F334-9ECF-458E-BC0F-592181F35949}"
EndProject
Project("{9A19103F-16F7-4668-BE54-9A1E7A4F7556}") = "DrVideoLibrary.Backend.InterfaceAdapters", "src\DrVideoLibrary.Backend.InterfaceAdapters\DrVideoLibrary.Backend.InterfaceAdapters.csproj", "{ED4BB7DF-2849-4375-92E8-419603B9AD20}"
EndProject
Project("{9A19103F-16F7-4668-BE54-9A1E7A4F7556}") = "DrVideoLibrary.Backend.Storage", "src\DrVideoLibrary.Backend.Storage\DrVideoLibrary.Backend.Storage.csproj", "{5FC1AA18-7FC7-44EF-802D-FCA0C27F7FAF}"
EndProject
Project("{2150E333-8FDC-42A3-9474-1A3956D46DE8}") = "Domain", "Domain", "{F8E42916-188D-4FF0-8891-A7DF2A201CE7}"
EndProject
Project("{9A19103F-16F7-4668-BE54-9A1E7A4F7556}") = "DrVideoLibrary.Backend.Repositories", "src\DrVideoLibrary.Backend.Repositories\DrVideoLibrary.Backend.Repositories.csproj", "{7698AFA8-1355-43F8-8CC2-D3E5D63EC915}"
EndProject
Project("{9A19103F-16F7-4668-BE54-9A1E7A4F7556}") = "DrVideoLibrary.Cosmos.DbContext", "src\DrVideoLibrary.Cosmos.DbContext\DrVideoLibrary.Cosmos.DbContext.csproj", "{61D25808-2C45-4668-A005-B2B127A1B85D}"
EndProject
Project("{9A19103F-16F7-4668-BE54-9A1E7A4F7556}") = "DrVideoLibrary.Backend.PushNotifications", "src\DrVideoLibrary.Backend.PushNotifications\DrVideoLibrary.Backend.PushNotifications.csproj", "{6758FD98-4A05-4D0C-9C9D-B4743AED7B88}"
EndProject
Project("{9A19103F-16F7-4668-BE54-9A1E7A4F7556}") = "DrVideoLibrary.Api", "src\DrVideoLibrary.Api\DrVideoLibrary.Api.csproj", "{7B7B3D7C-1EFE-4BA2-98CA-B44819A4F6A8}"
EndProject
Project("{FAE04EC0-301F-11D3-BF4B-00C04F79EFBC}") = "DrVideoLibrary.Functions", "src\DrVideoLibrary.Functions\DrVideoLibrary.Functions.csproj", "{A06AC274-D5E5-4F22-A55E-98726B0310C5}"
EndProject
Global
	GlobalSection(SolutionConfigurationPlatforms) = preSolution
		Debug|Any CPU = Debug|Any CPU
		Release|Any CPU = Release|Any CPU
	EndGlobalSection
	GlobalSection(ProjectConfigurationPlatforms) = postSolution
		{CDB815FA-A299-4994-8854-38B93B7E1A7C}.Debug|Any CPU.ActiveCfg = Debug|Any CPU
		{CDB815FA-A299-4994-8854-38B93B7E1A7C}.Debug|Any CPU.Build.0 = Debug|Any CPU
		{CDB815FA-A299-4994-8854-38B93B7E1A7C}.Release|Any CPU.ActiveCfg = Release|Any CPU
		{CDB815FA-A299-4994-8854-38B93B7E1A7C}.Release|Any CPU.Build.0 = Release|Any CPU
		{6BADA424-9167-40AC-B43D-4F947907E566}.Debug|Any CPU.ActiveCfg = Debug|Any CPU
		{6BADA424-9167-40AC-B43D-4F947907E566}.Debug|Any CPU.Build.0 = Debug|Any CPU
		{6BADA424-9167-40AC-B43D-4F947907E566}.Release|Any CPU.ActiveCfg = Release|Any CPU
		{6BADA424-9167-40AC-B43D-4F947907E566}.Release|Any CPU.Build.0 = Release|Any CPU
		{148EFEBA-DBF2-4020-9BC9-3561A320C91B}.Debug|Any CPU.ActiveCfg = Debug|Any CPU
		{148EFEBA-DBF2-4020-9BC9-3561A320C91B}.Debug|Any CPU.Build.0 = Debug|Any CPU
		{148EFEBA-DBF2-4020-9BC9-3561A320C91B}.Release|Any CPU.ActiveCfg = Release|Any CPU
		{148EFEBA-DBF2-4020-9BC9-3561A320C91B}.Release|Any CPU.Build.0 = Release|Any CPU
		{5368F334-9ECF-458E-BC0F-592181F35949}.Debug|Any CPU.ActiveCfg = Debug|Any CPU
		{5368F334-9ECF-458E-BC0F-592181F35949}.Debug|Any CPU.Build.0 = Debug|Any CPU
		{5368F334-9ECF-458E-BC0F-592181F35949}.Release|Any CPU.ActiveCfg = Release|Any CPU
		{5368F334-9ECF-458E-BC0F-592181F35949}.Release|Any CPU.Build.0 = Release|Any CPU
		{ED4BB7DF-2849-4375-92E8-419603B9AD20}.Debug|Any CPU.ActiveCfg = Debug|Any CPU
		{ED4BB7DF-2849-4375-92E8-419603B9AD20}.Debug|Any CPU.Build.0 = Debug|Any CPU
		{ED4BB7DF-2849-4375-92E8-419603B9AD20}.Release|Any CPU.ActiveCfg = Release|Any CPU
		{ED4BB7DF-2849-4375-92E8-419603B9AD20}.Release|Any CPU.Build.0 = Release|Any CPU
		{5FC1AA18-7FC7-44EF-802D-FCA0C27F7FAF}.Debug|Any CPU.ActiveCfg = Debug|Any CPU
		{5FC1AA18-7FC7-44EF-802D-FCA0C27F7FAF}.Debug|Any CPU.Build.0 = Debug|Any CPU
		{5FC1AA18-7FC7-44EF-802D-FCA0C27F7FAF}.Release|Any CPU.ActiveCfg = Release|Any CPU
		{5FC1AA18-7FC7-44EF-802D-FCA0C27F7FAF}.Release|Any CPU.Build.0 = Release|Any CPU
		{7698AFA8-1355-43F8-8CC2-D3E5D63EC915}.Debug|Any CPU.ActiveCfg = Debug|Any CPU
		{7698AFA8-1355-43F8-8CC2-D3E5D63EC915}.Debug|Any CPU.Build.0 = Debug|Any CPU
		{7698AFA8-1355-43F8-8CC2-D3E5D63EC915}.Release|Any CPU.ActiveCfg = Release|Any CPU
		{7698AFA8-1355-43F8-8CC2-D3E5D63EC915}.Release|Any CPU.Build.0 = Release|Any CPU
		{61D25808-2C45-4668-A005-B2B127A1B85D}.Debug|Any CPU.ActiveCfg = Debug|Any CPU
		{61D25808-2C45-4668-A005-B2B127A1B85D}.Debug|Any CPU.Build.0 = Debug|Any CPU
		{61D25808-2C45-4668-A005-B2B127A1B85D}.Release|Any CPU.ActiveCfg = Release|Any CPU
		{61D25808-2C45-4668-A005-B2B127A1B85D}.Release|Any CPU.Build.0 = Release|Any CPU
		{6758FD98-4A05-4D0C-9C9D-B4743AED7B88}.Debug|Any CPU.ActiveCfg = Debug|Any CPU
		{6758FD98-4A05-4D0C-9C9D-B4743AED7B88}.Debug|Any CPU.Build.0 = Debug|Any CPU
		{6758FD98-4A05-4D0C-9C9D-B4743AED7B88}.Release|Any CPU.ActiveCfg = Release|Any CPU
		{6758FD98-4A05-4D0C-9C9D-B4743AED7B88}.Release|Any CPU.Build.0 = Release|Any CPU
		{7B7B3D7C-1EFE-4BA2-98CA-B44819A4F6A8}.Debug|Any CPU.ActiveCfg = Debug|Any CPU
		{7B7B3D7C-1EFE-4BA2-98CA-B44819A4F6A8}.Debug|Any CPU.Build.0 = Debug|Any CPU
		{7B7B3D7C-1EFE-4BA2-98CA-B44819A4F6A8}.Release|Any CPU.ActiveCfg = Release|Any CPU
		{7B7B3D7C-1EFE-4BA2-98CA-B44819A4F6A8}.Release|Any CPU.Build.0 = Release|Any CPU
		{A06AC274-D5E5-4F22-A55E-98726B0310C5}.Debug|Any CPU.ActiveCfg = Debug|Any CPU
		{A06AC274-D5E5-4F22-A55E-98726B0310C5}.Debug|Any CPU.Build.0 = Debug|Any CPU
		{A06AC274-D5E5-4F22-A55E-98726B0310C5}.Release|Any CPU.ActiveCfg = Release|Any CPU
		{A06AC274-D5E5-4F22-A55E-98726B0310C5}.Release|Any CPU.Build.0 = Release|Any CPU
	EndGlobalSection
	GlobalSection(SolutionProperties) = preSolution
		HideSolutionNode = FALSE
	EndGlobalSection
	GlobalSection(NestedProjects) = preSolution
		{CDB815FA-A299-4994-8854-38B93B7E1A7C} = {8A324746-93A9-46A4-8453-B1CE75E6CC75}
		{6BADA424-9167-40AC-B43D-4F947907E566} = {386A61EF-66B4-4039-B230-2458F854ECC5}
		{148EFEBA-DBF2-4020-9BC9-3561A320C91B} = {F8E42916-188D-4FF0-8891-A7DF2A201CE7}
		{5368F334-9ECF-458E-BC0F-592181F35949} = {C3A992B3-388E-46A2-9E94-053C1D78E0FF}
		{ED4BB7DF-2849-4375-92E8-419603B9AD20} = {8A324746-93A9-46A4-8453-B1CE75E6CC75}
		{5FC1AA18-7FC7-44EF-802D-FCA0C27F7FAF} = {8A324746-93A9-46A4-8453-B1CE75E6CC75}
		{7698AFA8-1355-43F8-8CC2-D3E5D63EC915} = {8A324746-93A9-46A4-8453-B1CE75E6CC75}
		{61D25808-2C45-4668-A005-B2B127A1B85D} = {386A61EF-66B4-4039-B230-2458F854ECC5}
		{6758FD98-4A05-4D0C-9C9D-B4743AED7B88} = {8A324746-93A9-46A4-8453-B1CE75E6CC75}
		{7B7B3D7C-1EFE-4BA2-98CA-B44819A4F6A8} = {386A61EF-66B4-4039-B230-2458F854ECC5}
		{A06AC274-D5E5-4F22-A55E-98726B0310C5} = {386A61EF-66B4-4039-B230-2458F854ECC5}
	EndGlobalSection
	GlobalSection(ExtensibilityGlobals) = postSolution
		SolutionGuid = {25E8966B-A48B-47E6-8C1D-FAE8AA930869}
	EndGlobalSection
EndGlobal
